{
  "version": 4,
  "terraform_version": "1.6.6",
  "serial": 4,
  "lineage": "3fc58864-7344-57a5-9707-ac11db2fc67a",
  "outputs": {},
  "resources": [
    {
      "mode": "managed",
      "type": "aws_iam_group",
      "name": "developers",
      "provider": "provider[\"registry.terraform.io/hashicorp/aws\"]",
      "instances": [
        {
          "schema_version": 0,
          "attributes": {
            "arn": "arn:aws:iam::241473641166:group/developers123",
            "id": "developers123",
            "name": "developers123",
            "path": "/",
            "unique_id": "AGPATQOHTLLHIR63FNEP4"
          },
          "sensitive_attributes": [],
          "private": "bnVsbA=="
        }
      ]
    },
    {
      "mode": "managed",
      "type": "aws_iam_user",
      "name": "lb",
      "provider": "provider[\"registry.terraform.io/hashicorp/aws\"]",
      "instances": [
        {
          "schema_version": 0,
          "attributes": {
            "arn": "arn:aws:iam::241473641166:user/serge123",
            "force_destroy": false,
            "id": "serge123",
            "name": "serge123",
            "path": "/",
            "permissions_boundary": null,
            "tags": null,
            "tags_all": {},
            "unique_id": "AIDATQOHTLLHD2RFD3LI2"
          },
          "sensitive_attributes": [],
          "private": "bnVsbA=="
        }
      ]
    }
  ],
  "check_results": null
}
